[root]
name = "backupserver"
version = "0.0.1"
dependencies = [
 "phf 0.0.0 (git+https://github.com/sfackler/rust-phf#46aa49f64a2e9769645df109ee363ebe30139d04)",
 "phf_mac 0.0.0 (git+https://github.com/sfackler/rust-phf#46aa49f64a2e9769645df109ee363ebe30139d04)",
 "reliable-rw 0.1.0 (git+https://github.com/infinityb/reliable-rw-rust#ed30a36162222c9c6741ee6bdfe0c489d836ce1b)",
 "uuid 0.0.1 (git+https://github.com/rust-lang/uuid#83939c6b13803f0aeed7efb79dba087d03d96627)",
]

[[package]]
name = "phf"
version = "0.0.0"
source = "git+https://github.com/sfackler/rust-phf#46aa49f64a2e9769645df109ee363ebe30139d04"

[[package]]
name = "phf_mac"
version = "0.0.0"
source = "git+https://github.com/sfackler/rust-phf#46aa49f64a2e9769645df109ee363ebe30139d04"

[[package]]
name = "reliable-rw"
version = "0.1.0"
source = "git+https://github.com/infinityb/reliable-rw-rust#ed30a36162222c9c6741ee6bdfe0c489d836ce1b"

[[package]]
name = "uuid"
version = "0.0.1"
source = "git+https://github.com/rust-lang/uuid#83939c6b13803f0aeed7efb79dba087d03d96627"

